
Microsoft Visual Studio Solution File, Format Version 12.00
# Visual Studio Version 17
VisualStudioVersion = 17.11.35327.3
MinimumVisualStudioVersion = 10.0.40219.1
Project("{2150E333-8FDC-42A3-9474-1A3956D46DE8}") = "Project.V13", "Project.V13", "{C2ABA80A-1BED-4D52-8B9C-A93AB63F9B29}"
EndProject
Project("{9A19103F-16F7-4668-BE54-9A1E7A4F7556}") = "Tyuiu.AkhmetovRR.Sprint7.Project.V13", "Tyuiu.AkhmetovRR.Sprint7.V13\Tyuiu.AkhmetovRR.Sprint7.Project.V13.csproj", "{E5621552-E950-4162-8495-4F811E096827}"
EndProject
Project("{9A19103F-16F7-4668-BE54-9A1E7A4F7556}") = "Tyuiu.AkhmetovRR.Sprint7.Project.V13.Lib", "Tyuiu.AkhmetovRR.Sprint7.V13.Lib\Tyuiu.AkhmetovRR.Sprint7.Project.V13.Lib.csproj", "{B444E009-9CA4-4A65-95F6-29A30ED9916E}"
EndProject
Project("{9A19103F-16F7-4668-BE54-9A1E7A4F7556}") = "Tyuiu.AkhmetovRR.Sprint7.Project.V13.Test", "Tyuiu.AkhmetovRR.Sprint7.V13.Test\Tyuiu.AkhmetovRR.Sprint7.Project.V13.Test.csproj", "{3811597D-8353-41D6-BBD5-11A5A62ED20C}"
EndProject
Global
	GlobalSection(SolutionConfigurationPlatforms) = preSolution
		Debug|Any CPU = Debug|Any CPU
		Release|Any CPU = Release|Any CPU
	EndGlobalSection
	GlobalSection(ProjectConfigurationPlatforms) = postSolution
		{E5621552-E950-4162-8495-4F811E096827}.Debug|Any CPU.ActiveCfg = Debug|Any CPU
		{E5621552-E950-4162-8495-4F811E096827}.Debug|Any CPU.Build.0 = Debug|Any CPU
		{E5621552-E950-4162-8495-4F811E096827}.Release|Any CPU.ActiveCfg = Release|Any CPU
		{E5621552-E950-4162-8495-4F811E096827}.Release|Any CPU.Build.0 = Release|Any CPU
		{B444E009-9CA4-4A65-95F6-29A30ED9916E}.Debug|Any CPU.ActiveCfg = Debug|Any CPU
		{B444E009-9CA4-4A65-95F6-29A30ED9916E}.Debug|Any CPU.Build.0 = Debug|Any CPU
		{B444E009-9CA4-4A65-95F6-29A30ED9916E}.Release|Any CPU.ActiveCfg = Release|Any CPU
		{B444E009-9CA4-4A65-95F6-29A30ED9916E}.Release|Any CPU.Build.0 = Release|Any CPU
		{3811597D-8353-41D6-BBD5-11A5A62ED20C}.Debug|Any CPU.ActiveCfg = Debug|Any CPU
		{3811597D-8353-41D6-BBD5-11A5A62ED20C}.Debug|Any CPU.Build.0 = Debug|Any CPU
		{3811597D-8353-41D6-BBD5-11A5A62ED20C}.Release|Any CPU.ActiveCfg = Release|Any CPU
		{3811597D-8353-41D6-BBD5-11A5A62ED20C}.Release|Any CPU.Build.0 = Release|Any CPU
	EndGlobalSection
	GlobalSection(SolutionProperties) = preSolution
		HideSolutionNode = FALSE
	EndGlobalSection
	GlobalSection(NestedProjects) = preSolution
		{E5621552-E950-4162-8495-4F811E096827} = {C2ABA80A-1BED-4D52-8B9C-A93AB63F9B29}
		{B444E009-9CA4-4A65-95F6-29A30ED9916E} = {C2ABA80A-1BED-4D52-8B9C-A93AB63F9B29}
		{3811597D-8353-41D6-BBD5-11A5A62ED20C} = {C2ABA80A-1BED-4D52-8B9C-A93AB63F9B29}
	EndGlobalSection
	GlobalSection(ExtensibilityGlobals) = postSolution
		SolutionGuid = {C06586F3-D53E-40CA-875A-B26DAB6C2219}
	EndGlobalSection
EndGlobal
